
Microsoft Visual Studio Solution File, Format Version 11.00
# Visual Studio 2010
Project("{FAE04EC0-301F-11D3-BF4B-00C04F79EFBC}") = "Unity Homework", "Assembly-CSharp.csproj", "{886225A0-A733-5D3F-6FCF-B4806E5221EA}"
EndProject
Project("{FAE04EC0-301F-11D3-BF4B-00C04F79EFBC}") = "Unity Homework", "Assembly-CSharp-Editor.csproj", "{3819B7AF-6184-AC38-2144-0606FA14704C}"
EndProject
Global
	GlobalSection(SolutionConfigurationPlatforms) = preSolution
		Debug|Any CPU = Debug|Any CPU
		Release|Any CPU = Release|Any CPU
	EndGlobalSection
	GlobalSection(ProjectConfigurationPlatforms) = postSolution
		{886225A0-A733-5D3F-6FCF-B4806E5221EA}.Debug|Any CPU.ActiveCfg = Debug|Any CPU
		{886225A0-A733-5D3F-6FCF-B4806E5221EA}.Debug|Any CPU.Build.0 = Debug|Any CPU
		{886225A0-A733-5D3F-6FCF-B4806E5221EA}.Release|Any CPU.ActiveCfg = Release|Any CPU
		{886225A0-A733-5D3F-6FCF-B4806E5221EA}.Release|Any CPU.Build.0 = Release|Any CPU
		{3819B7AF-6184-AC38-2144-0606FA14704C}.Debug|Any CPU.ActiveCfg = Debug|Any CPU
		{3819B7AF-6184-AC38-2144-0606FA14704C}.Debug|Any CPU.Build.0 = Debug|Any CPU
		{3819B7AF-6184-AC38-2144-0606FA14704C}.Release|Any CPU.ActiveCfg = Release|Any CPU
		{3819B7AF-6184-AC38-2144-0606FA14704C}.Release|Any CPU.Build.0 = Release|Any CPU
	EndGlobalSection
	GlobalSection(SolutionProperties) = preSolution
		HideSolutionNode = FALSE
	EndGlobalSection
	GlobalSection(MonoDevelopProperties) = preSolution
		StartupItem = Assembly-CSharp.csproj
	EndGlobalSection
EndGlobal
